Microsoft Visual Studio Solution File, Format Version 12.00
# Visual Studio 14
VisualStudioVersion = 14.0.24720.0
MinimumVisualStudioVersion = 10.0.40219.1
Project("{FAE04EC0-301F-11D3-BF4B-00C04F79EFBC}") = "i4c", "Src\i4c.csproj", "{EBFA4644-13E6-4082-B446-5C0DDF6101DD}"
EndProject
Project("{2150E333-8FDC-42A3-9474-1A3956D46DE8}") = "Solution Items", "Solution Items", "{CCF0D864-7328-4DE2-BF57-5D0F892EB69D}"
	ProjectSection(SolutionItems) = preProject
		Rebracer.xml = Rebracer.xml
	EndProjectSection
EndProject
Project("{FAE04EC0-301F-11D3-BF4B-00C04F79EFBC}") = "PredictionTuner", "SrcPredictionTuner\PredictionTuner.csproj", "{838B4CC4-48B6-432F-9518-E6B4CDE5B614}"
EndProject
Global
	GlobalSection(SolutionConfigurationPlatforms) = preSolution
		Debug|Any CPU = Debug|Any CPU
		Release|Any CPU = Release|Any CPU
	EndGlobalSection
	GlobalSection(ProjectConfigurationPlatforms) = postSolution
		{EBFA4644-13E6-4082-B446-5C0DDF6101DD}.Debug|Any CPU.ActiveCfg = Debug|Any CPU
		{EBFA4644-13E6-4082-B446-5C0DDF6101DD}.Debug|Any CPU.Build.0 = Debug|Any CPU
		{EBFA4644-13E6-4082-B446-5C0DDF6101DD}.Release|Any CPU.ActiveCfg = Release|Any CPU
		{EBFA4644-13E6-4082-B446-5C0DDF6101DD}.Release|Any CPU.Build.0 = Release|Any CPU
		{838B4CC4-48B6-432F-9518-E6B4CDE5B614}.Debug|Any CPU.ActiveCfg = Debug|Any CPU
		{838B4CC4-48B6-432F-9518-E6B4CDE5B614}.Debug|Any CPU.Build.0 = Debug|Any CPU
		{838B4CC4-48B6-432F-9518-E6B4CDE5B614}.Release|Any CPU.ActiveCfg = Release|Any CPU
		{838B4CC4-48B6-432F-9518-E6B4CDE5B614}.Release|Any CPU.Build.0 = Release|Any CPU
	EndGlobalSection
	GlobalSection(SolutionProperties) = preSolution
		HideSolutionNode = FALSE
	EndGlobalSection
EndGlobal
