Microsoft Visual Studio Solution File, Format Version 12.00
# Visual Studio 14
VisualStudioVersion = 14.0.24720.0
MinimumVisualStudioVersion = 10.0.40219.1
Project("{FAE04EC0-301F-11D3-BF4B-00C04F79EFBC}") = "i4c", "Src\i4c.csproj", "{EBFA4644-13E6-4082-B446-5C0DDF6101DD}"
EndProject
Global
	GlobalSection(SolutionConfigurationPlatforms) = preSolution
		Debug|Any CPU = Debug|Any CPU
		Release|Any CPU = Release|Any CPU
	EndGlobalSection
	GlobalSection(ProjectConfigurationPlatforms) = postSolution
		{EBFA4644-13E6-4082-B446-5C0DDF6101DD}.Debug|Any CPU.ActiveCfg = Debug|Any CPU
		{EBFA4644-13E6-4082-B446-5C0DDF6101DD}.Debug|Any CPU.Build.0 = Debug|Any CPU
		{EBFA4644-13E6-4082-B446-5C0DDF6101DD}.Release|Any CPU.ActiveCfg = Release|Any CPU
		{EBFA4644-13E6-4082-B446-5C0DDF6101DD}.Release|Any CPU.Build.0 = Release|Any CPU
	EndGlobalSection
	GlobalSection(SolutionProperties) = preSolution
		HideSolutionNode = FALSE
	EndGlobalSection
EndGlobal
